// !$*UTF8*$!
{
	archiveVersion = 1;
	classes = {
	};
	objectVersion = 55;
	objects = {

/* Begin PBXBuildFile section */
		68402A18297A75D900E1E1C2 /* Videos.swift in Sources */ = {isa = PBXBuildFile; fileRef = 68402A17297A75D900E1E1C2 /* Videos.swift */; };
		6849B71D297A679C005BC6B8 /* Kaizen_Fitness_AppApp.swift in Sources */ = {isa = PBXBuildFile; fileRef = 6849B71C297A679C005BC6B8 /* Kaizen_Fitness_AppApp.swift */; };
		6849B71F297A679C005BC6B8 /* ContentView.swift in Sources */ = {isa = PBXBuildFile; fileRef = 6849B71E297A679C005BC6B8 /* ContentView.swift */; };
		6849B721297A679F005BC6B8 /* Assets.xcassets in Resources */ = {isa = PBXBuildFile; fileRef = 6849B720297A679F005BC6B8 /* Assets.xcassets */; };
		6849B724297A679F005BC6B8 /* Preview Assets.xcassets in Resources */ = {isa = PBXBuildFile; fileRef = 6849B723297A679F005BC6B8 /* Preview Assets.xcassets */; };
		6849B72C297A67D2005BC6B8 /* CustomCorners.swift in Sources */ = {isa = PBXBuildFile; fileRef = 6849B72B297A67D2005BC6B8 /* CustomCorners.swift */; };
		6849B72E297A67F3005BC6B8 /* TabButton.swift in Sources */ = {isa = PBXBuildFile; fileRef = 6849B72D297A67F3005BC6B8 /* TabButton.swift */; };
		6849B730297A6800005BC6B8 /* SideMenu.swift in Sources */ = {isa = PBXBuildFile; fileRef = 6849B72F297A6800005BC6B8 /* SideMenu.swift */; };
		6849B732297A680F005BC6B8 /* MenuButton.swift in Sources */ = {isa = PBXBuildFile; fileRef = 6849B731297A680F005BC6B8 /* MenuButton.swift */; };
		6849B734297A681F005BC6B8 /* MenuView.swift in Sources */ = {isa = PBXBuildFile; fileRef = 6849B733297A681F005BC6B8 /* MenuView.swift */; };
		6849B736297A682A005BC6B8 /* Home.swift in Sources */ = {isa = PBXBuildFile; fileRef = 6849B735297A682A005BC6B8 /* Home.swift */; };
		6849B738297A6836005BC6B8 /* HomePage.swift in Sources */ = {isa = PBXBuildFile; fileRef = 6849B737297A6836005BC6B8 /* HomePage.swift */; };
		6849B73A297A6846005BC6B8 /* AboutUs.swift in Sources */ = {isa = PBXBuildFile; fileRef = 6849B739297A6846005BC6B8 /* AboutUs.swift */; };
		6849B73C297A6856005BC6B8 /* Controller.swift in Sources */ = {isa = PBXBuildFile; fileRef = 6849B73B297A6856005BC6B8 /* Controller.swift */; };
		6849B73E297A6860005BC6B8 /* Setup.swift in Sources */ = {isa = PBXBuildFile; fileRef = 6849B73D297A685F005BC6B8 /* Setup.swift */; };
		6849B740297A686F005BC6B8 /* Messages.swift in Sources */ = {isa = PBXBuildFile; fileRef = 6849B73F297A686F005BC6B8 /* Messages.swift */; };
		6849B742297A68C1005BC6B8 /* Settings.swift in Sources */ = {isa = PBXBuildFile; fileRef = 6849B741297A68C1005BC6B8 /* Settings.swift */; };
		6849B744297A68D1005BC6B8 /* MainMenu.swift in Sources */ = {isa = PBXBuildFile; fileRef = 6849B743297A68D1005BC6B8 /* MainMenu.swift */; };
		6849B746297A68DD005BC6B8 /* ViewProfile.swift in Sources */ = {isa = PBXBuildFile; fileRef = 6849B745297A68DD005BC6B8 /* ViewProfile.swift */; };
		6849B748297A68E9005BC6B8 /* Help.swift in Sources */ = {isa = PBXBuildFile; fileRef = 6849B747297A68E9005BC6B8 /* Help.swift */; };
/* End PBXBuildFile section */

/* Begin PBXFileReference section */
		68402A17297A75D900E1E1C2 /* Videos.swift */ = {isa = PBXFileReference; lastKnownFileType = sourcecode.swift; path = Videos.swift; sourceTree = "<group>"; };
		6849B719297A679C005BC6B8 /* Kaizen Fitness App.app */ = {isa = PBXFileReference; explicitFileType = wrapper.application; includeInIndex = 0; path = "Kaizen Fitness App.app"; sourceTree = BUILT_PRODUCTS_DIR; };
		6849B71C297A679C005BC6B8 /* Kaizen_Fitness_AppApp.swift */ = {isa = PBXFileReference; lastKnownFileType = sourcecode.swift; path = Kaizen_Fitness_AppApp.swift; sourceTree = "<group>"; };
		6849B71E297A679C005BC6B8 /* ContentView.swift */ = {isa = PBXFileReference; lastKnownFileType = sourcecode.swift; path = ContentView.swift; sourceTree = "<group>"; };
		6849B720297A679F005BC6B8 /* Assets.xcassets */ = {isa = PBXFileReference; lastKnownFileType = folder.assetcatalog; path = Assets.xcassets; sourceTree = "<group>"; };
		6849B723297A679F005BC6B8 /* Preview Assets.xcassets */ = {isa = PBXFileReference; lastKnownFileType = folder.assetcatalog; path = "Preview Assets.xcassets"; sourceTree = "<group>"; };
		6849B72B297A67D2005BC6B8 /* CustomCorners.swift */ = {isa = PBXFileReference; lastKnownFileType = sourcecode.swift; path = CustomCorners.swift; sourceTree = "<group>"; };
		6849B72D297A67F3005BC6B8 /* TabButton.swift */ = {isa = PBXFileReference; lastKnownFileType = sourcecode.swift; path = TabButton.swift; sourceTree = "<group>"; };
		6849B72F297A6800005BC6B8 /* SideMenu.swift */ = {isa = PBXFileReference; lastKnownFileType = sourcecode.swift; path = SideMenu.swift; sourceTree = "<group>"; };
		6849B731297A680F005BC6B8 /* MenuButton.swift */ = {isa = PBXFileReference; lastKnownFileType = sourcecode.swift; path = MenuButton.swift; sourceTree = "<group>"; };
		6849B733297A681F005BC6B8 /* MenuView.swift */ = {isa = PBXFileReference; lastKnownFileType = sourcecode.swift; path = MenuView.swift; sourceTree = "<group>"; };
		6849B735297A682A005BC6B8 /* Home.swift */ = {isa = PBXFileReference; lastKnownFileType = sourcecode.swift; path = Home.swift; sourceTree = "<group>"; };
		6849B737297A6836005BC6B8 /* HomePage.swift */ = {isa = PBXFileReference; lastKnownFileType = sourcecode.swift; path = HomePage.swift; sourceTree = "<group>"; };
		6849B739297A6846005BC6B8 /* AboutUs.swift */ = {isa = PBXFileReference; lastKnownFileType = sourcecode.swift; path = AboutUs.swift; sourceTree = "<group>"; };
		6849B73B297A6856005BC6B8 /* Controller.swift */ = {isa = PBXFileReference; lastKnownFileType = sourcecode.swift; path = Controller.swift; sourceTree = "<group>"; };
		6849B73D297A685F005BC6B8 /* Setup.swift */ = {isa = PBXFileReference; lastKnownFileType = sourcecode.swift; path = Setup.swift; sourceTree = "<group>"; };
		6849B73F297A686F005BC6B8 /* Messages.swift */ = {isa = PBXFileReference; lastKnownFileType = sourcecode.swift; path = Messages.swift; sourceTree = "<group>"; };
		6849B741297A68C1005BC6B8 /* Settings.swift */ = {isa = PBXFileReference; lastKnownFileType = sourcecode.swift; path = Settings.swift; sourceTree = "<group>"; };
		6849B743297A68D1005BC6B8 /* MainMenu.swift */ = {isa = PBXFileReference; lastKnownFileType = sourcecode.swift; path = MainMenu.swift; sourceTree = "<group>"; };
		6849B745297A68DD005BC6B8 /* ViewProfile.swift */ = {isa = PBXFileReference; lastKnownFileType = sourcecode.swift; path = ViewProfile.swift; sourceTree = "<group>"; };
		6849B747297A68E9005BC6B8 /* Help.swift */ = {isa = PBXFileReference; lastKnownFileType = sourcecode.swift; path = Help.swift; sourceTree = "<group>"; };
/* End PBXFileReference section */

/* Begin PBXFrameworksBuildPhase section */
		6849B716297A679C005BC6B8 /* Frameworks */ = {
			isa = PBXFrameworksBuildPhase;
			buildActionMask = 2147483647;
			files = (
			);
			runOnlyForDeploymentPostprocessing = 0;
		};
/* End PBXFrameworksBuildPhase section */

/* Begin PBXGroup section */
		6849B710297A679C005BC6B8 = {
			isa = PBXGroup;
			children = (
				6849B71B297A679C005BC6B8 /* Kaizen Fitness App */,
				6849B71A297A679C005BC6B8 /* Products */,
			);
			sourceTree = "<group>";
		};
		6849B71A297A679C005BC6B8 /* Products */ = {
			isa = PBXGroup;
			children = (
				6849B719297A679C005BC6B8 /* Kaizen Fitness App.app */,
			);
			name = Products;
			sourceTree = "<group>";
		};
		6849B71B297A679C005BC6B8 /* Kaizen Fitness App */ = {
			isa = PBXGroup;
			children = (
				6849B71C297A679C005BC6B8 /* Kaizen_Fitness_AppApp.swift */,
				6849B71E297A679C005BC6B8 /* ContentView.swift */,
				6849B72A297A67B5005BC6B8 /* View */,
				6849B720297A679F005BC6B8 /* Assets.xcassets */,
				6849B722297A679F005BC6B8 /* Preview Content */,
			);
			path = "Kaizen Fitness App";
			sourceTree = "<group>";
		};
		6849B722297A679F005BC6B8 /* Preview Content */ = {
			isa = PBXGroup;
			children = (
				6849B723297A679F005BC6B8 /* Preview Assets.xcassets */,
			);
			path = "Preview Content";
			sourceTree = "<group>";
		};
		6849B72A297A67B5005BC6B8 /* View */ = {
			isa = PBXGroup;
			children = (
				6849B72B297A67D2005BC6B8 /* CustomCorners.swift */,
				6849B72D297A67F3005BC6B8 /* TabButton.swift */,
				6849B72F297A6800005BC6B8 /* SideMenu.swift */,
				6849B731297A680F005BC6B8 /* MenuButton.swift */,
				6849B733297A681F005BC6B8 /* MenuView.swift */,
				6849B735297A682A005BC6B8 /* Home.swift */,
				6849B737297A6836005BC6B8 /* HomePage.swift */,
				6849B739297A6846005BC6B8 /* AboutUs.swift */,
				6849B73B297A6856005BC6B8 /* Controller.swift */,
				6849B73D297A685F005BC6B8 /* Setup.swift */,
				6849B73F297A686F005BC6B8 /* Messages.swift */,
				6849B741297A68C1005BC6B8 /* Settings.swift */,
				6849B743297A68D1005BC6B8 /* MainMenu.swift */,
				6849B745297A68DD005BC6B8 /* ViewProfile.swift */,
				6849B747297A68E9005BC6B8 /* Help.swift */,
				68402A17297A75D900E1E1C2 /* Videos.swift */,
			);
			path = View;
			sourceTree = "<group>";
		};
/* End PBXGroup section */

/* Begin PBXNativeTarget section */
		6849B718297A679C005BC6B8 /* Kaizen Fitness App */ = {
			isa = PBXNativeTarget;
			buildConfigurationList = 6849B727297A679F005BC6B8 /* Build configuration list for PBXNativeTarget "Kaizen Fitness App" */;
			buildPhases = (
				6849B715297A679C005BC6B8 /* Sources */,
				6849B716297A679C005BC6B8 /* Frameworks */,
				6849B717297A679C005BC6B8 /* Resources */,
			);
			buildRules = (
			);
			dependencies = (
			);
			name = "Kaizen Fitness App";
			productName = "Kaizen Fitness App";
			productReference = 6849B719297A679C005BC6B8 /* Kaizen Fitness App.app */;
			productType = "com.apple.product-type.application";
		};
/* End PBXNativeTarget section */

/* Begin PBXProject section */
		6849B711297A679C005BC6B8 /* Project object */ = {
			isa = PBXProject;
			attributes = {
				BuildIndependentTargetsInParallel = 1;
				LastSwiftUpdateCheck = 1340;
				LastUpgradeCheck = 1340;
				TargetAttributes = {
					6849B718297A679C005BC6B8 = {
						CreatedOnToolsVersion = 13.4.1;
					};
				};
			};
			buildConfigurationList = 6849B714297A679C005BC6B8 /* Build configuration list for PBXProject "Kaizen Fitness App" */;
			compatibilityVersion = "Xcode 13.0";
			developmentRegion = en;
			hasScannedForEncodings = 0;
			knownRegions = (
				en,
				Base,
			);
			mainGroup = 6849B710297A679C005BC6B8;
			productRefGroup = 6849B71A297A679C005BC6B8 /* Products */;
			projectDirPath = "";
			projectRoot = "";
			targets = (
				6849B718297A679C005BC6B8 /* Kaizen Fitness App */,
			);
		};
/* End PBXProject section */

/* Begin PBXResourcesBuildPhase section */
		6849B717297A679C005BC6B8 /* Resources */ = {
			isa = PBXResourcesBuildPhase;
			buildActionMask = 2147483647;
			files = (
				6849B724297A679F005BC6B8 /* Preview Assets.xcassets in Resources */,
				6849B721297A679F005BC6B8 /* Assets.xcassets in Resources */,
			);
			runOnlyForDeploymentPostprocessing = 0;
		};
/* End PBXResourcesBuildPhase section */

/* Begin PBXSourcesBuildPhase section */
		6849B715297A679C005BC6B8 /* Sources */ = {
			isa = PBXSourcesBuildPhase;
			buildActionMask = 2147483647;
			files = (
				6849B734297A681F005BC6B8 /* MenuView.swift in Sources */,
				6849B738297A6836005BC6B8 /* HomePage.swift in Sources */,
				6849B73C297A6856005BC6B8 /* Controller.swift in Sources */,
				6849B71F297A679C005BC6B8 /* ContentView.swift in Sources */,
				6849B742297A68C1005BC6B8 /* Settings.swift in Sources */,
				6849B72E297A67F3005BC6B8 /* TabButton.swift in Sources */,
				6849B732297A680F005BC6B8 /* MenuButton.swift in Sources */,
				6849B740297A686F005BC6B8 /* Messages.swift in Sources */,
				6849B746297A68DD005BC6B8 /* ViewProfile.swift in Sources */,
				6849B730297A6800005BC6B8 /* SideMenu.swift in Sources */,
				6849B73E297A6860005BC6B8 /* Setup.swift in Sources */,
				6849B744297A68D1005BC6B8 /* MainMenu.swift in Sources */,
				6849B72C297A67D2005BC6B8 /* CustomCorners.swift in Sources */,
				6849B73A297A6846005BC6B8 /* AboutUs.swift in Sources */,
				6849B736297A682A005BC6B8 /* Home.swift in Sources */,
				68402A18297A75D900E1E1C2 /* Videos.swift in Sources */,
				6849B748297A68E9005BC6B8 /* Help.swift in Sources */,
				6849B71D297A679C005BC6B8 /* Kaizen_Fitness_AppApp.swift in Sources */,
			);
			runOnlyForDeploymentPostprocessing = 0;
		};
/* End PBXSourcesBuildPhase section */

/* Begin XCBuildConfiguration section */
		6849B725297A679F005BC6B8 /* Debug */ = {
			isa = XCBuildConfiguration;
			buildSettings = {
				ALWAYS_SEARCH_USER_PATHS = NO;
				CLANG_ANALYZER_NONNULL = YES;
				CLANG_ANALYZER_NUMBER_OBJECT_CONVERSION = YES_AGGRESSIVE;
				CLANG_CXX_LANGUAGE_STANDARD = "gnu++17";
				CLANG_ENABLE_MODULES = YES;
				CLANG_ENABLE_OBJC_ARC = YES;
				CLANG_ENABLE_OBJC_WEAK = YES;
				CLANG_WARN_BLOCK_CAPTURE_AUTORELEASING = YES;
				CLANG_WARN_BOOL_CONVERSION = YES;
				CLANG_WARN_COMMA = YES;
				CLANG_WARN_CONSTANT_CONVERSION = YES;
				CLANG_WARN_DEPRECATED_OBJC_IMPLEMENTATIONS = YES;
				CLANG_WARN_DIRECT_OBJC_ISA_USAGE = YES_ERROR;
				CLANG_WARN_DOCUMENTATION_COMMENTS = YES;
				CLANG_WARN_EMPTY_BODY = YES;
				CLANG_WARN_ENUM_CONVERSION = YES;
				CLANG_WARN_INFINITE_RECURSION = YES;
				CLANG_WARN_INT_CONVERSION = YES;
				CLANG_WARN_NON_LITERAL_NULL_CONVERSION = YES;
				CLANG_WARN_OBJC_IMPLICIT_RETAIN_SELF = YES;
				CLANG_WARN_OBJC_LITERAL_CONVERSION = YES;
				CLANG_WARN_OBJC_ROOT_CLASS = YES_ERROR;
				CLANG_WARN_QUOTED_INCLUDE_IN_FRAMEWORK_HEADER = YES;
				CLANG_WARN_RANGE_LOOP_ANALYSIS = YES;
				CLANG_WARN_STRICT_PROTOTYPES = YES;
				CLANG_WARN_SUSPICIOUS_MOVE = YES;
				CLANG_WARN_UNGUARDED_AVAILABILITY = YES_AGGRESSIVE;
				CLANG_WARN_UNREACHABLE_CODE = YES;
				CLANG_WARN__DUPLICATE_METHOD_MATCH = YES;
				COPY_PHASE_STRIP = NO;
				DEBUG_INFORMATION_FORMAT = dwarf;
				ENABLE_STRICT_OBJC_MSGSEND = YES;
				ENABLE_TESTABILITY = YES;
				GCC_C_LANGUAGE_STANDARD = gnu11;
				GCC_DYNAMIC_NO_PIC = NO;
				GCC_NO_COMMON_BLOCKS = YES;
				GCC_OPTIMIZATION_LEVEL = 0;
				GCC_PREPROCESSOR_DEFINITIONS = (
					"DEBUG=1",
					"$(inherited)",
				);
				GCC_WARN_64_TO_32_BIT_CONVERSION = YES;
				GCC_WARN_ABOUT_RETURN_TYPE = YES_ERROR;
				GCC_WARN_UNDECLARED_SELECTOR = YES;
				GCC_WARN_UNINITIALIZED_AUTOS = YES_AGGRESSIVE;
				GCC_WARN_UNUSED_FUNCTION = YES;
				GCC_WARN_UNUSED_VARIABLE = YES;
				IPHONEOS_DEPLOYMENT_TARGET = 15.5;
				MTL_ENABLE_DEBUG_INFO = INCLUDE_SOURCE;
				MTL_FAST_MATH = YES;
				ONLY_ACTIVE_ARCH = YES;
				SDKROOT = iphoneos;
				SWIFT_ACTIVE_COMPILATION_CONDITIONS = DEBUG;
				SWIFT_OPTIMIZATION_LEVEL = "-Onone";
			};
			name = Debug;
		};
		6849B726297A679F005BC6B8 /* Release */ = {
			isa = XCBuildConfiguration;
			buildSettings = {
				ALWAYS_SEARCH_USER_PATHS = NO;
				CLANG_ANALYZER_NONNULL = YES;
				CLANG_ANALYZER_NUMBER_OBJECT_CONVERSION = YES_AGGRESSIVE;
				CLANG_CXX_LANGUAGE_STANDARD = "gnu++17";
				CLANG_ENABLE_MODULES = YES;
				CLANG_ENABLE_OBJC_ARC = YES;
				CLANG_ENABLE_OBJC_WEAK = YES;
				CLANG_WARN_BLOCK_CAPTURE_AUTORELEASING = YES;
				CLANG_WARN_BOOL_CONVERSION = YES;
				CLANG_WARN_COMMA = YES;
				CLANG_WARN_CONSTANT_CONVERSION = YES;
				CLANG_WARN_DEPRECATED_OBJC_IMPLEMENTATIONS = YES;
				CLANG_WARN_DIRECT_OBJC_ISA_USAGE = YES_ERROR;
				CLANG_WARN_DOCUMENTATION_COMMENTS = YES;
				CLANG_WARN_EMPTY_BODY = YES;
				CLANG_WARN_ENUM_CONVERSION = YES;
				CLANG_WARN_INFINITE_RECURSION = YES;
				CLANG_WARN_INT_CONVERSION = YES;
				CLANG_WARN_NON_LITERAL_NULL_CONVERSION = YES;
				CLANG_WARN_OBJC_IMPLICIT_RETAIN_SELF = YES;
				CLANG_WARN_OBJC_LITERAL_CONVERSION = YES;
				CLANG_WARN_OBJC_ROOT_CLASS = YES_ERROR;
				CLANG_WARN_QUOTED_INCLUDE_IN_FRAMEWORK_HEADER = YES;
				CLANG_WARN_RANGE_LOOP_ANALYSIS = YES;
				CLANG_WARN_STRICT_PROTOTYPES = YES;
				CLANG_WARN_SUSPICIOUS_MOVE = YES;
				CLANG_WARN_UNGUARDED_AVAILABILITY = YES_AGGRESSIVE;
				CLANG_WARN_UNREACHABLE_CODE = YES;
				CLANG_WARN__DUPLICATE_METHOD_MATCH = YES;
				COPY_PHASE_STRIP = NO;
				DEBUG_INFORMATION_FORMAT = "dwarf-with-dsym";
				ENABLE_NS_ASSERTIONS = NO;
				ENABLE_STRICT_OBJC_MSGSEND = YES;
				GCC_C_LANGUAGE_STANDARD = gnu11;
				GCC_NO_COMMON_BLOCKS = YES;
				GCC_WARN_64_TO_32_BIT_CONVERSION = YES;
				GCC_WARN_ABOUT_RETURN_TYPE = YES_ERROR;
				GCC_WARN_UNDECLARED_SELECTOR = YES;
				GCC_WARN_UNINITIALIZED_AUTOS = YES_AGGRESSIVE;
				GCC_WARN_UNUSED_FUNCTION = YES;
				GCC_WARN_UNUSED_VARIABLE = YES;
				IPHONEOS_DEPLOYMENT_TARGET = 15.5;
				MTL_ENABLE_DEBUG_INFO = NO;
				MTL_FAST_MATH = YES;
				SDKROOT = iphoneos;
				SWIFT_COMPILATION_MODE = wholemodule;
				SWIFT_OPTIMIZATION_LEVEL = "-O";
				VALIDATE_PRODUCT = YES;
			};
			name = Release;
		};
		6849B728297A679F005BC6B8 /* Debug */ = {
			isa = XCBuildConfiguration;
			buildSettings = {
				ASSETCATALOG_COMPILER_APPICON_NAME = AppIcon;
				ASSETCATALOG_COMPILER_GLOBAL_ACCENT_COLOR_NAME = AccentColor;
				CODE_SIGN_STYLE = Automatic;
				CURRENT_PROJECT_VERSION = 1;
				DEVELOPMENT_ASSET_PATHS = "\"Kaizen Fitness App/Preview Content\"";
				DEVELOPMENT_TEAM = LYZJVZ28WW;
				ENABLE_PREVIEWS = YES;
				GENERATE_INFOPLIST_FILE = YES;
				INFOPLIST_KEY_UIApplicationSceneManifest_Generation = YES;
				INFOPLIST_KEY_UIApplicationSupportsIndirectInputEvents = YES;
				INFOPLIST_KEY_UILaunchScreen_Generation = YES;
				INFOPLIST_KEY_UISupportedInterfaceOrientations_iPad = "UIInterfaceOrientationPortrait UIInterfaceOrientationPortraitUpsideDown UIInterfaceOrientationLandscapeLeft UIInterfaceOrientationLandscapeRight";
				INFOPLIST_KEY_UISupportedInterfaceOrientations_iPhone = "UIInterfaceOrientationPortrait UIInterfaceOrientationLandscapeLeft UIInterfaceOrientationLandscapeRight";
				LD_RUNPATH_SEARCH_PATHS = (
					"$(inherited)",
					"@executable_path/Frameworks",
				);
				MARKETING_VERSION = 1.0;
				PRODUCT_BUNDLE_IDENTIFIER = "Daniel-Van-Cleave.Kaizen-Fitness-App";
				PRODUCT_NAME = "$(TARGET_NAME)";
				SWIFT_EMIT_LOC_STRINGS = YES;
				SWIFT_VERSION = 5.0;
				TARGETED_DEVICE_FAMILY = "1,2";
			};
			name = Debug;
		};
		6849B729297A679F005BC6B8 /* Release */ = {
			isa = XCBuildConfiguration;
			buildSettings = {
				ASSETCATALOG_COMPILER_APPICON_NAME = AppIcon;
				ASSETCATALOG_COMPILER_GLOBAL_ACCENT_COLOR_NAME = AccentColor;
				CODE_SIGN_STYLE = Automatic;
				CURRENT_PROJECT_VERSION = 1;
				DEVELOPMENT_ASSET_PATHS = "\"Kaizen Fitness App/Preview Content\"";
				DEVELOPMENT_TEAM = LYZJVZ28WW;
				ENABLE_PREVIEWS = YES;
				GENERATE_INFOPLIST_FILE = YES;
				INFOPLIST_KEY_UIApplicationSceneManifest_Generation = YES;
				INFOPLIST_KEY_UIApplicationSupportsIndirectInputEvents = YES;
				INFOPLIST_KEY_UILaunchScreen_Generation = YES;
				INFOPLIST_KEY_UISupportedInterfaceOrientations_iPad = "UIInterfaceOrientationPortrait UIInterfaceOrientationPortraitUpsideDown UIInterfaceOrientationLandscapeLeft UIInterfaceOrientationLandscapeRight";
				INFOPLIST_KEY_UISupportedInterfaceOrientations_iPhone = "UIInterfaceOrientationPortrait UIInterfaceOrientationLandscapeLeft UIInterfaceOrientationLandscapeRight";
				LD_RUNPATH_SEARCH_PATHS = (
					"$(inherited)",
					"@executable_path/Frameworks",
				);
				MARKETING_VERSION = 1.0;
				PRODUCT_BUNDLE_IDENTIFIER = "Daniel-Van-Cleave.Kaizen-Fitness-App";
				PRODUCT_NAME = "$(TARGET_NAME)";
				SWIFT_EMIT_LOC_STRINGS = YES;
				SWIFT_VERSION = 5.0;
				TARGETED_DEVICE_FAMILY = "1,2";
			};
			name = Release;
		};
/* End XCBuildConfiguration section */

/* Begin XCConfigurationList section */
		6849B714297A679C005BC6B8 /* Build configuration list for PBXProject "Kaizen Fitness App" */ = {
			isa = XCConfigurationList;
			buildConfigurations = (
				6849B725297A679F005BC6B8 /* Debug */,
				6849B726297A679F005BC6B8 /* Release */,
			);
			defaultConfigurationIsVisible = 0;
			defaultConfigurationName = Release;
		};
		6849B727297A679F005BC6B8 /* Build configuration list for PBXNativeTarget "Kaizen Fitness App" */ = {
			isa = XCConfigurationList;
			buildConfigurations = (
				6849B728297A679F005BC6B8 /* Debug */,
				6849B729297A679F005BC6B8 /* Release */,
			);
			defaultConfigurationIsVisible = 0;
			defaultConfigurationName = Release;
		};
/* End XCConfigurationList section */
	};
	rootObject = 6849B711297A679C005BC6B8 /* Project object */;
}
